
Microsoft Visual Studio Solution File, Format Version 12.00
# Visual Studio Version 16
VisualStudioVersion = 16.0.29102.190
MinimumVisualStudioVersion = 10.0.40219.1
Project("{FAE04EC0-301F-11D3-BF4B-00C04F79EFBC}") = "CosmosTablePoc", "CosmosTablePoc\CosmosTablePoc.csproj", "{5A63EB39-1991-4837-A86A-0121B03FD392}"
EndProject
Project("{FAE04EC0-301F-11D3-BF4B-00C04F79EFBC}") = "CosmoTablePoc.Core", "CosmoTablePoc.Core\CosmoTablePoc.Core.csproj", "{0126A906-74BF-44A5-ABD0-A1CA56DAE0C6}"
EndProject
Global
	GlobalSection(SolutionConfigurationPlatforms) = preSolution
		Debug|Any CPU = Debug|Any CPU
		Release|Any CPU = Release|Any CPU
	EndGlobalSection
	GlobalSection(ProjectConfigurationPlatforms) = postSolution
		{5A63EB39-1991-4837-A86A-0121B03FD392}.Debug|Any CPU.ActiveCfg = Debug|Any CPU
		{5A63EB39-1991-4837-A86A-0121B03FD392}.Debug|Any CPU.Build.0 = Debug|Any CPU
		{5A63EB39-1991-4837-A86A-0121B03FD392}.Release|Any CPU.ActiveCfg = Release|Any CPU
		{5A63EB39-1991-4837-A86A-0121B03FD392}.Release|Any CPU.Build.0 = Release|Any CPU
		{0126A906-74BF-44A5-ABD0-A1CA56DAE0C6}.Debug|Any CPU.ActiveCfg = Debug|Any CPU
		{0126A906-74BF-44A5-ABD0-A1CA56DAE0C6}.Debug|Any CPU.Build.0 = Debug|Any CPU
		{0126A906-74BF-44A5-ABD0-A1CA56DAE0C6}.Release|Any CPU.ActiveCfg = Release|Any CPU
		{0126A906-74BF-44A5-ABD0-A1CA56DAE0C6}.Release|Any CPU.Build.0 = Release|Any CPU
	EndGlobalSection
	GlobalSection(SolutionProperties) = preSolution
		HideSolutionNode = FALSE
	EndGlobalSection
	GlobalSection(ExtensibilityGlobals) = postSolution
		SolutionGuid = {83969E92-652B-4E69-83B2-654D92F1CB2D}
	EndGlobalSection
EndGlobal
